PODS:
  - DZNEmptyDataSet (1.8.1)
  - NWSTokenView (2.1.0)

DEPENDENCIES:
  - DZNEmptyDataSet (~> 1.8.1)
  - NWSTokenView (from `../`)

SPEC REPOS:
  https://github.com/cocoapods/specs.git:
    - DZNEmptyDataSet

EXTERNAL SOURCES:
  NWSTokenView:
    :path: "../"

SPEC CHECKSUMS:
  DZNEmptyDataSet: 9525833b9e68ac21c30253e1d3d7076cc828eaa7
  NWSTokenView: 9fa9221fb5489fb3d9812537e85504685a1351ff

PODFILE CHECKSUM: 9d6fd0a316417820b9dd11eefe3e03d0c5eab814

COCOAPODS: 1.7.2
