// !$*UTF8*$!
{
	archiveVersion = 1;
	classes = {
	};
	objectVersion = 46;
	objects = {

/* Begin PBXBuildFile section */
		1AA0589F1B8F7A8600C6F303 /* NWSImageToken.swift in Sources */ = {isa = PBXBuildFile; fileRef = 1AA0589B1B8F7A8600C6F303 /* NWSImageToken.swift */; };
		1AA058A11B8F7A8600C6F303 /* NWSImageToken.xib in Resources */ = {isa = PBXBuildFile; fileRef = 1AA0589C1B8F7A8600C6F303 /* NWSImageToken.xib */; };
		1AD947981B83E6E3005FD716 /* EmptyDataSet.xib in Resources */ = {isa = PBXBuildFile; fileRef = 1AD947971B83E6E3005FD716 /* EmptyDataSet.xib */; };
		1AE0B59C1B7E5B3F008C5A6A /* NWSTokenViewExampleViewController.swift in Sources */ = {isa = PBXBuildFile; fileRef = 1AE0B5911B7E5B3F008C5A6A /* NWSTokenViewExampleViewController.swift */; };
		1AE0B5A81B7E5B58008C5A6A /* LaunchScreen.xib in Resources */ = {isa = PBXBuildFile; fileRef = 1AE0B5A41B7E5B58008C5A6A /* LaunchScreen.xib */; };
		1AE0B5AA1B7E5B58008C5A6A /* Main.storyboard in Resources */ = {isa = PBXBuildFile; fileRef = 1AE0B5A61B7E5B58008C5A6A /* Main.storyboard */; };
		1AE0B5BC1B7EBC24008C5A6A /* AppDelegate.swift in Sources */ = {isa = PBXBuildFile; fileRef = 1AE0B5BB1B7EBC24008C5A6A /* AppDelegate.swift */; };
		1AE0B5BF1B7EBC78008C5A6A /* Images.xcassets in Resources */ = {isa = PBXBuildFile; fileRef = 1AE0B5BE1B7EBC78008C5A6A /* Images.xcassets */; };
		927D1BECFAFD40FE05CBA303 /* Pods_NWSTokenView_Example.framework in Frameworks */ = {isa = PBXBuildFile; fileRef = 2BB0209D75726F87DED01BF3 /* Pods_NWSTokenView_Example.framework */; };
/* End PBXBuildFile section */

/* Begin PBXFileReference section */
		1AA0589B1B8F7A8600C6F303 /* NWSImageToken.swift */ = {isa = PBXFileReference; fileEncoding = 4; lastKnownFileType = sourcecode.swift; path = NWSImageToken.swift; sourceTree = "<group>"; };
		1AA0589C1B8F7A8600C6F303 /* NWSImageToken.xib */ = {isa = PBXFileReference; fileEncoding = 4; lastKnownFileType = file.xib; path = NWSImageToken.xib; sourceTree = "<group>"; };
		1AD947971B83E6E3005FD716 /* EmptyDataSet.xib */ = {isa = PBXFileReference; fileEncoding = 4; lastKnownFileType = file.xib; path = EmptyDataSet.xib; sourceTree = "<group>"; };
		1AE0B5911B7E5B3F008C5A6A /* NWSTokenViewExampleViewController.swift */ = {isa = PBXFileReference; fileEncoding = 4; lastKnownFileType = sourcecode.swift; path = NWSTokenViewExampleViewController.swift; sourceTree = "<group>"; };
		1AE0B5961B7E5B3F008C5A6A /* NWSTokenViewExample-Bridging-Header.h */ = {isa = PBXFileReference; fileEncoding = 4; lastKnownFileType = sourcecode.c.h; path = "NWSTokenViewExample-Bridging-Header.h"; sourceTree = "<group>"; };
		1AE0B5A51B7E5B58008C5A6A /* Base */ = {isa = PBXFileReference; lastKnownFileType = file.xib; name = Base; path = NWSTokenView/Base.lproj/LaunchScreen.xib; sourceTree = SOURCE_ROOT; };
		1AE0B5A71B7E5B58008C5A6A /* Base */ = {isa = PBXFileReference; lastKnownFileType = file.storyboard; name = Base; path = NWSTokenView/Base.lproj/Main.storyboard; sourceTree = SOURCE_ROOT; };
		1AE0B5BB1B7EBC24008C5A6A /* AppDelegate.swift */ = {isa = PBXFileReference; fileEncoding = 4; lastKnownFileType = sourcecode.swift; name = AppDelegate.swift; path = NWSTokenView/AppDelegate.swift; sourceTree = SOURCE_ROOT; };
		1AE0B5BE1B7EBC78008C5A6A /* Images.xcassets */ = {isa = PBXFileReference; lastKnownFileType = folder.assetcatalog; path = Images.xcassets; sourceTree = "<group>"; };
		236DA2C4367F704BBA5676D8 /* LICENSE */ = {isa = PBXFileReference; includeInIndex = 1; lastKnownFileType = text; name = LICENSE; path = ../LICENSE; sourceTree = "<group>"; };
		2BB0209D75726F87DED01BF3 /* Pods_NWSTokenView_Example.framework */ = {isa = PBXFileReference; explicitFileType = wrapper.framework; includeInIndex = 0; path = Pods_NWSTokenView_Example.framework; sourceTree = BUILT_PRODUCTS_DIR; };
		607FACD01AFB9204008FA782 /* NWSTokenView_Example.app */ = {isa = PBXFileReference; explicitFileType = wrapper.application; includeInIndex = 0; path = NWSTokenView_Example.app; sourceTree = BUILT_PRODUCTS_DIR; };
		607FACD41AFB9204008FA782 /* Info.plist */ = {isa = PBXFileReference; lastKnownFileType = text.plist.xml; path = Info.plist; sourceTree = "<group>"; };
		607FACEA1AFB9204008FA782 /* Info.plist */ = {isa = PBXFileReference; lastKnownFileType = text.plist.xml; path = Info.plist; sourceTree = "<group>"; };
		9BE8E3E3CC1568EA0142A107 /* README.md */ = {isa = PBXFileReference; includeInIndex = 1; lastKnownFileType = net.daringfireball.markdown; name = README.md; path = ../README.md; sourceTree = "<group>"; };
		A11C845EA45A96F026397A2E /* Pods-NWSTokenView_Example.debug.xcconfig */ = {isa = PBXFileReference; includeInIndex = 1; lastKnownFileType = text.xcconfig; name = "Pods-NWSTokenView_Example.debug.xcconfig"; path = "Pods/Target Support Files/Pods-NWSTokenView_Example/Pods-NWSTokenView_Example.debug.xcconfig"; sourceTree = "<group>"; };
		D85E66358C22A40D5184F217 /* Pods-NWSTokenView_Example.release.xcconfig */ = {isa = PBXFileReference; includeInIndex = 1; lastKnownFileType = text.xcconfig; name = "Pods-NWSTokenView_Example.release.xcconfig"; path = "Pods/Target Support Files/Pods-NWSTokenView_Example/Pods-NWSTokenView_Example.release.xcconfig"; sourceTree = "<group>"; };
		F4D95802CFB62A045CDE5CC9 /* NWSTokenView.podspec */ = {isa = PBXFileReference; includeInIndex = 1; lastKnownFileType = text; name = NWSTokenView.podspec; path = ../NWSTokenView.podspec; sourceTree = "<group>"; xcLanguageSpecificationIdentifier = xcode.lang.ruby; };
/* End PBXFileReference section */

/* Begin PBXFrameworksBuildPhase section */
		607FACCD1AFB9204008FA782 /* Frameworks */ = {
			isa = PBXFrameworksBuildPhase;
			buildActionMask = 2147483647;
			files = (
				927D1BECFAFD40FE05CBA303 /* Pods_NWSTokenView_Example.framework in Frameworks */,
			);
			runOnlyForDeploymentPostprocessing = 0;
		};
/* End PBXFrameworksBuildPhase section */

/* Begin PBXGroup section */
		1AA058991B8F7A8600C6F303 /* NWSImageToken */ = {
			isa = PBXGroup;
			children = (
				1AA0589B1B8F7A8600C6F303 /* NWSImageToken.swift */,
				1AA0589C1B8F7A8600C6F303 /* NWSImageToken.xib */,
			);
			path = NWSImageToken;
			sourceTree = "<group>";
		};
		1AE0B5901B7E5B3F008C5A6A /* Controllers */ = {
			isa = PBXGroup;
			children = (
				1AE0B5BB1B7EBC24008C5A6A /* AppDelegate.swift */,
				1AE0B5911B7E5B3F008C5A6A /* NWSTokenViewExampleViewController.swift */,
			);
			path = Controllers;
			sourceTree = "<group>";
		};
		1AE0B5921B7E5B3F008C5A6A /* Views */ = {
			isa = PBXGroup;
			children = (
				1AA058991B8F7A8600C6F303 /* NWSImageToken */,
				1AE0B5A41B7E5B58008C5A6A /* LaunchScreen.xib */,
				1AE0B5A61B7E5B58008C5A6A /* Main.storyboard */,
				1AD947971B83E6E3005FD716 /* EmptyDataSet.xib */,
			);
			path = Views;
			sourceTree = "<group>";
		};
		2262B394AD655F0649ECC06A /* Frameworks */ = {
			isa = PBXGroup;
			children = (
				2BB0209D75726F87DED01BF3 /* Pods_NWSTokenView_Example.framework */,
			);
			name = Frameworks;
			sourceTree = "<group>";
		};
		607FACC71AFB9204008FA782 = {
			isa = PBXGroup;
			children = (
				607FACF51AFB993E008FA782 /* Podspec Metadata */,
				607FACD21AFB9204008FA782 /* Example for NWSTokenView */,
				607FACE91AFB9204008FA782 /* Supporting Files */,
				607FACD11AFB9204008FA782 /* Products */,
				632E8FE723FC0C42214D9106 /* Pods */,
				2262B394AD655F0649ECC06A /* Frameworks */,
			);
			sourceTree = "<group>";
		};
		607FACD11AFB9204008FA782 /* Products */ = {
			isa = PBXGroup;
			children = (
				607FACD01AFB9204008FA782 /* NWSTokenView_Example.app */,
			);
			name = Products;
			sourceTree = "<group>";
		};
		607FACD21AFB9204008FA782 /* Example for NWSTokenView */ = {
			isa = PBXGroup;
			children = (
				1AE0B5BE1B7EBC78008C5A6A /* Images.xcassets */,
				1AE0B5901B7E5B3F008C5A6A /* Controllers */,
				1AE0B5921B7E5B3F008C5A6A /* Views */,
				607FACD31AFB9204008FA782 /* Supporting Files */,
			);
			name = "Example for NWSTokenView";
			path = NWSTokenView;
			sourceTree = "<group>";
		};
		607FACD31AFB9204008FA782 /* Supporting Files */ = {
			isa = PBXGroup;
			children = (
				607FACD41AFB9204008FA782 /* Info.plist */,
				1AE0B5961B7E5B3F008C5A6A /* NWSTokenViewExample-Bridging-Header.h */,
			);
			name = "Supporting Files";
			sourceTree = "<group>";
		};
		607FACE91AFB9204008FA782 /* Supporting Files */ = {
			isa = PBXGroup;
			children = (
				607FACEA1AFB9204008FA782 /* Info.plist */,
			);
			name = "Supporting Files";
			path = Tests;
			sourceTree = "<group>";
		};
		607FACF51AFB993E008FA782 /* Podspec Metadata */ = {
			isa = PBXGroup;
			children = (
				F4D95802CFB62A045CDE5CC9 /* NWSTokenView.podspec */,
				9BE8E3E3CC1568EA0142A107 /* README.md */,
				236DA2C4367F704BBA5676D8 /* LICENSE */,
			);
			name = "Podspec Metadata";
			sourceTree = "<group>";
		};
		632E8FE723FC0C42214D9106 /* Pods */ = {
			isa = PBXGroup;
			children = (
				A11C845EA45A96F026397A2E /* Pods-NWSTokenView_Example.debug.xcconfig */,
				D85E66358C22A40D5184F217 /* Pods-NWSTokenView_Example.release.xcconfig */,
			);
			name = Pods;
			sourceTree = "<group>";
		};
/* End PBXGroup section */

/* Begin PBXNativeTarget section */
		607FACCF1AFB9204008FA782 /* NWSTokenView_Example */ = {
			isa = PBXNativeTarget;
			buildConfigurationList = 607FACEF1AFB9204008FA782 /* Build configuration list for PBXNativeTarget "NWSTokenView_Example" */;
			buildPhases = (
				BDCF73B232B0C1D7B938BAC2 /* [CP] Check Pods Manifest.lock */,
				607FACCC1AFB9204008FA782 /* Sources */,
				607FACCD1AFB9204008FA782 /* Frameworks */,
				607FACCE1AFB9204008FA782 /* Resources */,
				091EE04C276118F5DA38CFB5 /* [CP] Embed Pods Frameworks */,
			);
			buildRules = (
			);
			dependencies = (
			);
			name = NWSTokenView_Example;
			productName = NWSTokenView;
			productReference = 607FACD01AFB9204008FA782 /* NWSTokenView_Example.app */;
			productType = "com.apple.product-type.application";
		};
/* End PBXNativeTarget section */

/* Begin PBXProject section */
		607FACC81AFB9204008FA782 /* Project object */ = {
			isa = PBXProject;
			attributes = {
				LastSwiftMigration = 0710;
				LastSwiftUpdateCheck = 0710;
				LastUpgradeCheck = 1010;
				ORGANIZATIONNAME = CocoaPods;
				TargetAttributes = {
					607FACCF1AFB9204008FA782 = {
						CreatedOnToolsVersion = 6.3.1;
						LastSwiftMigration = 0820;
						ProvisioningStyle = Manual;
					};
				};
			};
			buildConfigurationList = 607FACCB1AFB9204008FA782 /* Build configuration list for PBXProject "NWSTokenView" */;
			compatibilityVersion = "Xcode 3.2";
			developmentRegion = English;
			hasScannedForEncodings = 0;
			knownRegions = (
				en,
				Base,
			);
			mainGroup = 607FACC71AFB9204008FA782;
			productRefGroup = 607FACD11AFB9204008FA782 /* Products */;
			projectDirPath = "";
			projectRoot = "";
			targets = (
				607FACCF1AFB9204008FA782 /* NWSTokenView_Example */,
			);
		};
/* End PBXProject section */

/* Begin PBXResourcesBuildPhase section */
		607FACCE1AFB9204008FA782 /* Resources */ = {
			isa = PBXResourcesBuildPhase;
			buildActionMask = 2147483647;
			files = (
				1AE0B5BF1B7EBC78008C5A6A /* Images.xcassets in Resources */,
				1AA058A11B8F7A8600C6F303 /* NWSImageToken.xib in Resources */,
				1AE0B5AA1B7E5B58008C5A6A /* Main.storyboard in Resources */,
				1AD947981B83E6E3005FD716 /* EmptyDataSet.xib in Resources */,
				1AE0B5A81B7E5B58008C5A6A /* LaunchScreen.xib in Resources */,
			);
			runOnlyForDeploymentPostprocessing = 0;
		};
/* End PBXResourcesBuildPhase section */

/* Begin PBXShellScriptBuildPhase section */
		091EE04C276118F5DA38CFB5 /* [CP] Embed Pods Frameworks */ = {
			isa = PBXShellScriptBuildPhase;
			buildActionMask = 2147483647;
			files = (
			);
			inputPaths = (
				"${SRCROOT}/Pods/Target Support Files/Pods-NWSTokenView_Example/Pods-NWSTokenView_Example-frameworks.sh",
				"${BUILT_PRODUCTS_DIR}/DZNEmptyDataSet/DZNEmptyDataSet.framework",
				"${BUILT_PRODUCTS_DIR}/NWSTokenView/NWSTokenView.framework",
			);
			name = "[CP] Embed Pods Frameworks";
			outputPaths = (
				"${TARGET_BUILD_DIR}/${FRAMEWORKS_FOLDER_PATH}/DZNEmptyDataSet.framework",
				"${TARGET_BUILD_DIR}/${FRAMEWORKS_FOLDER_PATH}/NWSTokenView.framework",
			);
			runOnlyForDeploymentPostprocessing = 0;
			shellPath = /bin/sh;
			shellScript = "\"${SRCROOT}/Pods/Target Support Files/Pods-NWSTokenView_Example/Pods-NWSTokenView_Example-frameworks.sh\"\n";
			showEnvVarsInLog = 0;
		};
		BDCF73B232B0C1D7B938BAC2 /* [CP] Check Pods Manifest.lock */ = {
			isa = PBXShellScriptBuildPhase;
			buildActionMask = 2147483647;
			files = (
			);
			inputPaths = (
				"${PODS_PODFILE_DIR_PATH}/Podfile.lock",
				"${PODS_ROOT}/Manifest.lock",
			);
			name = "[CP] Check Pods Manifest.lock";
			outputPaths = (
				"$(DERIVED_FILE_DIR)/Pods-NWSTokenView_Example-checkManifestLockResult.txt",
			);
			runOnlyForDeploymentPostprocessing = 0;
			shellPath = /bin/sh;
			shellScript = "diff \"${PODS_PODFILE_DIR_PATH}/Podfile.lock\" \"${PODS_ROOT}/Manifest.lock\" > /dev/null\nif [ $? != 0 ] ; then\n    # print error to STDERR\n    echo \"error: The sandbox is not in sync with the Podfile.lock. Run 'pod install' or update your CocoaPods installation.\" >&2\n    exit 1\nfi\n# This output is used by Xcode 'outputs' to avoid re-running this script phase.\necho \"SUCCESS\" > \"${SCRIPT_OUTPUT_FILE_0}\"\n";
			showEnvVarsInLog = 0;
		};
/* End PBXShellScriptBuildPhase section */

/* Begin PBXSourcesBuildPhase section */
		607FACCC1AFB9204008FA782 /* Sources */ = {
			isa = PBXSourcesBuildPhase;
			buildActionMask = 2147483647;
			files = (
				1AE0B5BC1B7EBC24008C5A6A /* AppDelegate.swift in Sources */,
				1AA0589F1B8F7A8600C6F303 /* NWSImageToken.swift in Sources */,
				1AE0B59C1B7E5B3F008C5A6A /* NWSTokenViewExampleViewController.swift in Sources */,
			);
			runOnlyForDeploymentPostprocessing = 0;
		};
/* End PBXSourcesBuildPhase section */

/* Begin PBXVariantGroup section */
		1AE0B5A41B7E5B58008C5A6A /* LaunchScreen.xib */ = {
			isa = PBXVariantGroup;
			children = (
				1AE0B5A51B7E5B58008C5A6A /* Base */,
			);
			name = LaunchScreen.xib;
			sourceTree = "<group>";
		};
		1AE0B5A61B7E5B58008C5A6A /* Main.storyboard */ = {
			isa = PBXVariantGroup;
			children = (
				1AE0B5A71B7E5B58008C5A6A /* Base */,
			);
			name = Main.storyboard;
			sourceTree = "<group>";
		};
/* End PBXVariantGroup section */

/* Begin XCBuildConfiguration section */
		607FACED1AFB9204008FA782 /* Debug */ = {
			isa = XCBuildConfiguration;
			buildSettings = {
				ALWAYS_SEARCH_USER_PATHS = NO;
				CLANG_CXX_LANGUAGE_STANDARD = "gnu++0x";
				CLANG_CXX_LIBRARY = "libc++";
				CLANG_ENABLE_MODULES = YES;
				CLANG_ENABLE_OBJC_ARC = YES;
				CLANG_WARN_BLOCK_CAPTURE_AUTORELEASING = YES;
				CLANG_WARN_BOOL_CONVERSION = YES;
				CLANG_WARN_COMMA = YES;
				CLANG_WARN_CONSTANT_CONVERSION = YES;
				CLANG_WARN_DEPRECATED_OBJC_IMPLEMENTATIONS = YES;
				CLANG_WARN_DIRECT_OBJC_ISA_USAGE = YES_ERROR;
				CLANG_WARN_EMPTY_BODY = YES;
				CLANG_WARN_ENUM_CONVERSION = YES;
				CLANG_WARN_INFINITE_RECURSION = YES;
				CLANG_WARN_INT_CONVERSION = YES;
				CLANG_WARN_NON_LITERAL_NULL_CONVERSION = YES;
				CLANG_WARN_OBJC_IMPLICIT_RETAIN_SELF = YES;
				CLANG_WARN_OBJC_LITERAL_CONVERSION = YES;
				CLANG_WARN_OBJC_ROOT_CLASS = YES_ERROR;
				CLANG_WARN_RANGE_LOOP_ANALYSIS = YES;
				CLANG_WARN_STRICT_PROTOTYPES = YES;
				CLANG_WARN_SUSPICIOUS_MOVE = YES;
				CLANG_WARN_UNREACHABLE_CODE = YES;
				CLANG_WARN__DUPLICATE_METHOD_MATCH = YES;
				"CODE_SIGN_IDENTITY[sdk=iphoneos*]" = "iPhone Developer";
				COPY_PHASE_STRIP = NO;
				DEBUG_INFORMATION_FORMAT = "dwarf-with-dsym";
				ENABLE_STRICT_OBJC_MSGSEND = YES;
				ENABLE_TESTABILITY = YES;
				GCC_C_LANGUAGE_STANDARD = gnu99;
				GCC_DYNAMIC_NO_PIC = NO;
				GCC_NO_COMMON_BLOCKS = YES;
				GCC_OPTIMIZATION_LEVEL = 0;
				GCC_PREPROCESSOR_DEFINITIONS = (
					"DEBUG=1",
					"$(inherited)",
				);
				GCC_SYMBOLS_PRIVATE_EXTERN = NO;
				GCC_WARN_64_TO_32_BIT_CONVERSION = YES;
				GCC_WARN_ABOUT_RETURN_TYPE = YES_ERROR;
				GCC_WARN_UNDECLARED_SELECTOR = YES;
				GCC_WARN_UNINITIALIZED_AUTOS = YES_AGGRESSIVE;
				GCC_WARN_UNUSED_FUNCTION = YES;
				GCC_WARN_UNUSED_VARIABLE = YES;
				IPHONEOS_DEPLOYMENT_TARGET = 9.0;
				MTL_ENABLE_DEBUG_INFO = YES;
				ONLY_ACTIVE_ARCH = YES;
				SDKROOT = iphoneos;
				SWIFT_OPTIMIZATION_LEVEL = "-Onone";
				SWIFT_SWIFT3_OBJC_INFERENCE = Default;
				SWIFT_VERSION = 4.2;
			};
			name = Debug;
		};
		607FACEE1AFB9204008FA782 /* Release */ = {
			isa = XCBuildConfiguration;
			buildSettings = {
				ALWAYS_SEARCH_USER_PATHS = NO;
				CLANG_CXX_LANGUAGE_STANDARD = "gnu++0x";
				CLANG_CXX_LIBRARY = "libc++";
				CLANG_ENABLE_MODULES = YES;
				CLANG_ENABLE_OBJC_ARC = YES;
				CLANG_WARN_BLOCK_CAPTURE_AUTORELEASING = YES;
				CLANG_WARN_BOOL_CONVERSION = YES;
				CLANG_WARN_COMMA = YES;
				CLANG_WARN_CONSTANT_CONVERSION = YES;
				CLANG_WARN_DEPRECATED_OBJC_IMPLEMENTATIONS = YES;
				CLANG_WARN_DIRECT_OBJC_ISA_USAGE = YES_ERROR;
				CLANG_WARN_EMPTY_BODY = YES;
				CLANG_WARN_ENUM_CONVERSION = YES;
				CLANG_WARN_INFINITE_RECURSION = YES;
				CLANG_WARN_INT_CONVERSION = YES;
				CLANG_WARN_NON_LITERAL_NULL_CONVERSION = YES;
				CLANG_WARN_OBJC_IMPLICIT_RETAIN_SELF = YES;
				CLANG_WARN_OBJC_LITERAL_CONVERSION = YES;
				CLANG_WARN_OBJC_ROOT_CLASS = YES_ERROR;
				CLANG_WARN_RANGE_LOOP_ANALYSIS = YES;
				CLANG_WARN_STRICT_PROTOTYPES = YES;
				CLANG_WARN_SUSPICIOUS_MOVE = YES;
				CLANG_WARN_UNREACHABLE_CODE = YES;
				CLANG_WARN__DUPLICATE_METHOD_MATCH = YES;
				"CODE_SIGN_IDENTITY[sdk=iphoneos*]" = "iPhone Developer";
				COPY_PHASE_STRIP = NO;
				DEBUG_INFORMATION_FORMAT = "dwarf-with-dsym";
				ENABLE_NS_ASSERTIONS = NO;
				ENABLE_STRICT_OBJC_MSGSEND = YES;
				GCC_C_LANGUAGE_STANDARD = gnu99;
				GCC_NO_COMMON_BLOCKS = YES;
				GCC_WARN_64_TO_32_BIT_CONVERSION = YES;
				GCC_WARN_ABOUT_RETURN_TYPE = YES_ERROR;
				GCC_WARN_UNDECLARED_SELECTOR = YES;
				GCC_WARN_UNINITIALIZED_AUTOS = YES_AGGRESSIVE;
				GCC_WARN_UNUSED_FUNCTION = YES;
				GCC_WARN_UNUSED_VARIABLE = YES;
				IPHONEOS_DEPLOYMENT_TARGET = 9.0;
				MTL_ENABLE_DEBUG_INFO = NO;
				SDKROOT = iphoneos;
				SWIFT_OPTIMIZATION_LEVEL = "-Owholemodule";
				SWIFT_SWIFT3_OBJC_INFERENCE = Default;
				SWIFT_VERSION = 4.2;
				VALIDATE_PRODUCT = YES;
			};
			name = Release;
		};
		607FACF01AFB9204008FA782 /* Debug */ = {
			isa = XCBuildConfiguration;
			baseConfigurationReference = A11C845EA45A96F026397A2E /* Pods-NWSTokenView_Example.debug.xcconfig */;
			buildSettings = {
				ALWAYS_EMBED_SWIFT_STANDARD_LIBRARIES = YES;
				ASSETCATALOG_COMPILER_APPICON_NAME = AppIcon;
				CODE_SIGN_IDENTITY = "iPhone Developer";
				"CODE_SIGN_IDENTITY[sdk=iphoneos*]" = "iPhone Developer";
				DEVELOPMENT_TEAM = "";
				INFOPLIST_FILE = NWSTokenView/Info.plist;
				IPHONEOS_DEPLOYMENT_TARGET = 9;
				LD_RUNPATH_SEARCH_PATHS = "$(inherited) @executable_path/Frameworks";
				MODULE_NAME = ExampleApp;
				PRODUCT_BUNDLE_IDENTIFIER = com.appmazo.nwstokenview;
				PRODUCT_NAME = "$(TARGET_NAME)";
				SWIFT_OBJC_BRIDGING_HEADER = "$(SRCROOT)/NWSTokenView/NWSTokenViewExample-Bridging-Header.h";
				SWIFT_SWIFT3_OBJC_INFERENCE = Default;
				SWIFT_VERSION = 4.2;
			};
			name = Debug;
		};
		607FACF11AFB9204008FA782 /* Release */ = {
			isa = XCBuildConfiguration;
			baseConfigurationReference = D85E66358C22A40D5184F217 /* Pods-NWSTokenView_Example.release.xcconfig */;
			buildSettings = {
				ALWAYS_EMBED_SWIFT_STANDARD_LIBRARIES = YES;
				ASSETCATALOG_COMPILER_APPICON_NAME = AppIcon;
				CODE_SIGN_IDENTITY = "iPhone Distribution";
				"CODE_SIGN_IDENTITY[sdk=iphoneos*]" = "iPhone Developer";
				DEVELOPMENT_TEAM = "";
				INFOPLIST_FILE = NWSTokenView/Info.plist;
				IPHONEOS_DEPLOYMENT_TARGET = 9;
				LD_RUNPATH_SEARCH_PATHS = "$(inherited) @executable_path/Frameworks";
				MODULE_NAME = ExampleApp;
				PRODUCT_BUNDLE_IDENTIFIER = com.appmazo.nwstokenview;
				PRODUCT_NAME = "$(TARGET_NAME)";
				SWIFT_OBJC_BRIDGING_HEADER = "$(SRCROOT)/NWSTokenView/NWSTokenViewExample-Bridging-Header.h";
				SWIFT_SWIFT3_OBJC_INFERENCE = Default;
				SWIFT_VERSION = 4.2;
			};
			name = Release;
		};
/* End XCBuildConfiguration section */

/* Begin XCConfigurationList section */
		607FACCB1AFB9204008FA782 /* Build configuration list for PBXProject "NWSTokenView" */ = {
			isa = XCConfigurationList;
			buildConfigurations = (
				607FACED1AFB9204008FA782 /* Debug */,
				607FACEE1AFB9204008FA782 /* Release */,
			);
			defaultConfigurationIsVisible = 0;
			defaultConfigurationName = Release;
		};
		607FACEF1AFB9204008FA782 /* Build configuration list for PBXNativeTarget "NWSTokenView_Example" */ = {
			isa = XCConfigurationList;
			buildConfigurations = (
				607FACF01AFB9204008FA782 /* Debug */,
				607FACF11AFB9204008FA782 /* Release */,
			);
			defaultConfigurationIsVisible = 0;
			defaultConfigurationName = Release;
		};
/* End XCConfigurationList section */
	};
	rootObject = 607FACC81AFB9204008FA782 /* Project object */;
}
